{
  "lockfile_version": "1",
  "packages": {
    "editorconfig-checker@4.0.2": {
      "last_modified": "2026-09-29T03:29:29Z",
      "resolved": "github:NixOS/nixpkgs/b6c8664de9b6cc07fe5666a29f91884ba81197c4#editorconfig-checker",
      "source": "devbox-search",
      "version": "4.0.2",
      "systems": {
        "aarch64-darwin": {
          "outputs": [
            {
              "name": "out",
              "path": "/nix/store/dggi60npy981yj3rbf60iblvspib3gc3-editorconfig-checker-4.0.2",
              "default": true
            }
          ],
          "store_path": "/nix/store/dggi60npy981yj3rbf60iblvspib3gc3-editorconfig-checker-4.0.2"
        },
        "aarch64-linux": {
          "outputs": [
            {
              "name": "out",
              "path": "/nix/store/fysc4jkjpqz1fddqy7ah2claj3a8a0ba-editorconfig-checker-4.0.2",
              "default": true
            }
          ],
          "store_path": "/nix/store/fysc4jkjpqz1fddqy7ah2claj3a8a0ba-editorconfig-checker-4.0.2"
        },
        "x86_64-linux": {
          "outputs": [
            {
              "name": "out",
              "path": "/nix/store/rfqb0jbfz5cyir0wjc53jhf66ccvvv0f-editorconfig-checker-4.0.2",
              "default": true
            }
          ],
          "store_path": "/nix/store/rfqb0jbfz5cyir0wjc53jhf66ccvvv0f-editorconfig-checker-4.0.2"
        }
      }
    },
    "github:NixOS/nixpkgs/nixpkgs-unstable": {
      "last_modified": "2026-09-29T03:29:29Z",
      "resolved": "github:NixOS/nixpkgs/b6c8664de9b6cc07fe5666a29f91884ba81197c4?lastModified=1790652569"
    },
    "jq@1.8.1": {
      "last_modified": "2026-07-03T16:41:56Z",
      "resolved": "github:NixOS/nixpkgs/0c190cd98e1f30cdbeff0ca149b2b17564a4a30e#jq",
      "source": "devbox-search",
      "version": "1.8.1",
      "systems": {
        "aarch64-darwin": {
          "outputs": [
            {
              "name": "bin",
              "path": "/nix/store/n9ri7m7j3l3ggx7ag8xm87cavjvcxycz-jq-1.8.1-bin",
              "default": true
            },
            {
              "name": "man",
              "path": "/nix/store/0l8f1i70kd15qadl45b4fvqlg2j7s5hn-jq-1.8.1-man",
              "default": true
            },
            {
              "name": "dev",
              "path": "/nix/store/pfp4psnwxs2ygda5sq6sr95x2snn6yjl-jq-1.8.1-dev"
            },
            {
              "name": "doc",
              "path": "/nix/store/6va29c6s0v4kqi0zvc5jhn7s31c9i4hd-jq-1.8.1-doc"
            },
            {
              "name": "out",
              "path": "/nix/store/phmsnvxjh6rmf7id4wahi3vllbj8fn4s-jq-1.8.1"
            }
          ],
          "store_path": "/nix/store/n9ri7m7j3l3ggx7ag8xm87cavjvcxycz-jq-1.8.1-bin"
        },
        "aarch64-linux": {
          "outputs": [
            {
              "name": "bin",
              "path": "/nix/store/hmwz4mnhiwyy1zyrypbdk6xqrxrpv4jp-jq-1.8.1-bin",
              "default": true
            },
            {
              "name": "man",
              "path": "/nix/store/iy9j5qqv7bkf0fnwh6pddfbk5q93i3nh-jq-1.8.1-man",
              "default": true
            },
            {
              "name": "dev",
              "path": "/nix/store/gkincbg9wkmasrxw36mmyvp08jyhcxxg-jq-1.8.1-dev"
            },
            {
              "name": "doc",
              "path": "/nix/store/vh84k872pnn2xavlx9j551056k1h579f-jq-1.8.1-doc"
            },
            {
              "name": "out",
              "path": "/nix/store/cs80rizzqf70hsya9n2h60zj9rf23sr5-jq-1.8.1"
            }
          ],
          "store_path": "/nix/store/hmwz4mnhiwyy1zyrypbdk6xqrxrpv4jp-jq-1.8.1-bin"
        },
        "x86_64-darwin": {
          "outputs": [
            {
              "name": "bin",
              "path": "/nix/store/glj1kzrb6jm7x4r5z400mcmja8ws657q-jq-1.8.1-bin",
              "default": true
            },
            {
              "name": "man",
              "path": "/nix/store/vpk901871j7kfmmb20i1vfxh5d8mhim2-jq-1.8.1-man",
              "default": true
            },
            {
              "name": "dev",
              "path": "/nix/store/akbah2c4a6xcgpx2l7xqqgfbxgi8anfj-jq-1.8.1-dev"
            },
            {
              "name": "doc",
              "path": "/nix/store/jb2xgi4gjvzwifzfmf4kzkimbgrhsaav-jq-1.8.1-doc"
            },
            {
              "name": "out",
              "path": "/nix/store/l4i89frkjf4dly7gxwbksrcimcgr2x8f-jq-1.8.1"
            }
          ],
          "store_path": "/nix/store/glj1kzrb6jm7x4r5z400mcmja8ws657q-jq-1.8.1-bin"
        },
        "x86_64-linux": {
          "outputs": [
            {
              "name": "bin",
              "path": "/nix/store/q0pj1dw2nr57y6b4pqljklf0hy20alfj-jq-1.8.1-bin",
              "default": true
            },
            {
              "name": "man",
              "path": "/nix/store/d21dmfzxkgpa7jkn5ggr0balzfg0j269-jq-1.8.1-man",
              "default": true
            },
            {
              "name": "dev",
              "path": "/nix/store/3vavalljj18drsycygl361zqz4rryygd-jq-1.8.1-dev"
            },
            {
              "name": "doc",
              "path": "/nix/store/nzhykmz9qn2vrb9ki6ddrpipic7rfpfb-jq-1.8.1-doc"
            },
            {
              "name": "out",
              "path": "/nix/store/bzm6nb8fx5p005bygrarn48i6qy1ir3a-jq-1.8.1"
            }
          ],
          "store_path": "/nix/store/q0pj1dw2nr57y6b4pqljklf0hy20alfj-jq-1.8.1-bin"
        }
      }
    },
    "just-lsp@0.6.2": {
      "last_modified": "2026-09-04T02:50:00Z",
      "resolved": "github:NixOS/nixpkgs/e5ead30d0824debba629dcf0720abeddee57b7d6#just-lsp",
      "source": "devbox-search",
      "version": "0.6.2",
      "systems": {
        "aarch64-darwin": {
          "outputs": [
            {
              "name": "out",
              "path": "/nix/store/r7c1mv8mjm65fdn48sdm3f6wmrwmf5l6-just-lsp-0.6.2",
              "default": true
            }
          ],
          "store_path": "/nix/store/r7c1mv8mjm65fdn48sdm3f6wmrwmf5l6-just-lsp-0.6.2"
        },
        "aarch64-linux": {
          "outputs": [
            {
              "name": "out",
              "path": "/nix/store/rfxfvbygljg67nacgynjrgkr5wzmj27d-just-lsp-0.6.2",
              "default": true
            }
          ],
          "store_path": "/nix/store/rfxfvbygljg67nacgynjrgkr5wzmj27d-just-lsp-0.6.2"
        },
        "x86_64-linux": {
          "outputs": [
            {
              "name": "out",
              "path": "/nix/store/8wxajvj3jlyl5f2xb81ynwz88w8kcamf-just-lsp-0.6.2",
              "default": true
            }
          ],
          "store_path": "/nix/store/8wxajvj3jlyl5f2xb81ynwz88w8kcamf-just-lsp-0.6.2"
        }
      }
    },
    "just@1.58.0": {
      "last_modified": "2026-09-29T03:29:29Z",
      "resolved": "github:NixOS/nixpkgs/b6c8664de9b6cc07fe5666a29f91884ba81197c4#just",
      "source": "devbox-search",
      "version": "1.58.0",
      "systems": {
        "aarch64-darwin": {
          "outputs": [
            {
              "name": "out",
              "path": "/nix/store/7myigx4c7gvdmy66z82v4gsca1y6rcsg-just-1.58.0",
              "default": true
            },
            {
              "name": "man",
              "path": "/nix/store/ndglr8n0wkxk0qpjrfazxmz3kgpypwby-just-1.58.0-man",
              "default": true
            },
            {
              "name": "doc",
              "path": "/nix/store/z45ags4638k33f3d6lla74jfxampk9y7-just-1.58.0-doc"
            }
          ],
          "store_path": "/nix/store/7myigx4c7gvdmy66z82v4gsca1y6rcsg-just-1.58.0"
        },
        "aarch64-linux": {
          "outputs": [
            {
              "name": "out",
              "path": "/nix/store/6byz8zyiqvnj7kn3kadfdks3if6sb37k-just-1.58.0",
              "default": true
            },
            {
              "name": "man",
              "path": "/nix/store/0ih4iwq1rslhr6igk1m5h7rj9bpn7qh8-just-1.58.0-man",
              "default": true
            },
            {
              "name": "doc",
              "path": "/nix/store/w5xq1nrfdsyazp0zdjs8ks581ryqlw4v-just-1.58.0-doc"
            }
          ],
          "store_path": "/nix/store/6byz8zyiqvnj7kn3kadfdks3if6sb37k-just-1.58.0"
        },
        "x86_64-linux": {
          "outputs": [
            {
              "name": "out",
              "path": "/nix/store/qgliqnslmd0pgxar92s306ipxz5vdxx2-just-1.58.0",
              "default": true
            },
            {
              "name": "man",
              "path": "/nix/store/z0dsrhyy9d04c6sr75s9sjn2hnjaxhl3-just-1.58.0-man",
              "default": true
            },
            {
              "name": "doc",
              "path": "/nix/store/dpy7p6cx6mq4xn0hh16507gd9fz7nl32-just-1.58.0-doc"
            }
          ],
          "store_path": "/nix/store/qgliqnslmd0pgxar92s306ipxz5vdxx2-just-1.58.0"
        }
      }
    },
    "lefthook@2.1.10": {
      "last_modified": "2026-09-01T09:24:39Z",
      "resolved": "github:NixOS/nixpkgs/f0e996ff59c7624eba9db8972e8f1623a69d3b83#lefthook",
      "source": "devbox-search",
      "version": "2.1.10",
      "systems": {
        "aarch64-darwin": {
          "outputs": [
            {
              "name": "out",
              "path": "/nix/store/p9qmpwmv4r8igpgclxv9c3w37pnf4bpw-lefthook-2.1.10",
              "default": true
            }
          ],
          "store_path": "/nix/store/p9qmpwmv4r8igpgclxv9c3w37pnf4bpw-lefthook-2.1.10"
        },
        "aarch64-linux": {
          "outputs": [
            {
              "name": "out",
              "path": "/nix/store/hs4asvnkssmqgryq0hzg8prw2i5216ix-lefthook-2.1.10",
              "default": true
            }
          ],
          "store_path": "/nix/store/hs4asvnkssmqgryq0hzg8prw2i5216ix-lefthook-2.1.10"
        },
        "x86_64-linux": {
          "outputs": [
            {
              "name": "out",
              "path": "/nix/store/yvngyq9r8vj9jb0rwvx74bdqy3gc7kqy-lefthook-2.1.10",
              "default": true
            }
          ],
          "store_path": "/nix/store/yvngyq9r8vj9jb0rwvx74bdqy3gc7kqy-lefthook-2.1.10"
        }
      }
    }
  }
}
